// !$*UTF8*$!
{
	archiveVersion = 1;
	classes = {
	};
	objectVersion = 50;
	objects = {

/* Begin PBXBuildFile section */
		6F45A158265FA2B8009A7C9D /* AppDelegate.swift in Sources */ = {isa = PBXBuildFile; fileRef = 6F45A157265FA2B8009A7C9D /* AppDelegate.swift */; };
		6F45A15A265FA2B8009A7C9D /* SceneDelegate.swift in Sources */ = {isa = PBXBuildFile; fileRef = 6F45A159265FA2B8009A7C9D /* SceneDelegate.swift */; };
		6F45A15C265FA2B8009A7C9D /* ViewController.swift in Sources */ = {isa = PBXBuildFile; fileRef = 6F45A15B265FA2B8009A7C9D /* ViewController.swift */; };
		6F45A15F265FA2B8009A7C9D /* Main.storyboard in Resources */ = {isa = PBXBuildFile; fileRef = 6F45A15D265FA2B8009A7C9D /* Main.storyboard */; };
		6F45A161265FA2BB009A7C9D /* Assets.xcassets in Resources */ = {isa = PBXBuildFile; fileRef = 6F45A160265FA2BB009A7C9D /* Assets.xcassets */; };
		6F45A164265FA2BB009A7C9D /* LaunchScreen.storyboard in Resources */ = {isa = PBXBuildFile; fileRef = 6F45A162265FA2BB009A7C9D /* LaunchScreen.storyboard */; };
		6F45A16E265FA2C9009A7C9D /* Builder.swift in Sources */ = {isa = PBXBuildFile; fileRef = 6F45A16B265FA2C9009A7C9D /* Builder.swift */; };
		6F45A16F265FA2C9009A7C9D /* Factory.swift in Sources */ = {isa = PBXBuildFile; fileRef = 6F45A16C265FA2C9009A7C9D /* Factory.swift */; };
		6F45A170265FA2C9009A7C9D /* Singleton.swift in Sources */ = {isa = PBXBuildFile; fileRef = 6F45A16D265FA2C9009A7C9D /* Singleton.swift */; };
		6F45A172265FB8EE009A7C9D /* Adapter.swift in Sources */ = {isa = PBXBuildFile; fileRef = 6F45A171265FB8EE009A7C9D /* Adapter.swift */; };
		6F45A174265FC173009A7C9D /* Composite.swift in Sources */ = {isa = PBXBuildFile; fileRef = 6F45A173265FC173009A7C9D /* Composite.swift */; };
		6F45A176265FD7B7009A7C9D /* Facade.swift in Sources */ = {isa = PBXBuildFile; fileRef = 6F45A175265FD7B2009A7C9D /* Facade.swift */; };
		6F45A178265FE21B009A7C9D /* RickAndMortyEncoder.swift in Sources */ = {isa = PBXBuildFile; fileRef = 6F45A177265FE21B009A7C9D /* RickAndMortyEncoder.swift */; };
		6F45A17A265FEB0B009A7C9D /* Command.swift in Sources */ = {isa = PBXBuildFile; fileRef = 6F45A179265FEB0B009A7C9D /* Command.swift */; };
		6F45A17C2660D0F1009A7C9D /* Memento.swift in Sources */ = {isa = PBXBuildFile; fileRef = 6F45A17B2660D0F1009A7C9D /* Memento.swift */; };
		6F45A17E2660D677009A7C9D /* Strategy.swift in Sources */ = {isa = PBXBuildFile; fileRef = 6F45A17D2660D677009A7C9D /* Strategy.swift */; };
		6F45A1802660E5FA009A7C9D /* Proxy.swift in Sources */ = {isa = PBXBuildFile; fileRef = 6F45A17F2660E5FA009A7C9D /* Proxy.swift */; };
		6F45A1822660E977009A7C9D /* Visitor.swift in Sources */ = {isa = PBXBuildFile; fileRef = 6F45A1812660E977009A7C9D /* Visitor.swift */; };
/* End PBXBuildFile section */

/* Begin PBXFileReference section */
		6F45A154265FA2B8009A7C9D /* Homework_17_Patterns.app */ = {isa = PBXFileReference; explicitFileType = wrapper.application; includeInIndex = 0; path = Homework_17_Patterns.app; sourceTree = BUILT_PRODUCTS_DIR; };
		6F45A157265FA2B8009A7C9D /* AppDelegate.swift */ = {isa = PBXFileReference; lastKnownFileType = sourcecode.swift; path = AppDelegate.swift; sourceTree = "<group>"; };
		6F45A159265FA2B8009A7C9D /* SceneDelegate.swift */ = {isa = PBXFileReference; lastKnownFileType = sourcecode.swift; path = SceneDelegate.swift; sourceTree = "<group>"; };
		6F45A15B265FA2B8009A7C9D /* ViewController.swift */ = {isa = PBXFileReference; lastKnownFileType = sourcecode.swift; path = ViewController.swift; sourceTree = "<group>"; };
		6F45A15E265FA2B8009A7C9D /* Base */ = {isa = PBXFileReference; lastKnownFileType = file.storyboard; name = Base; path = Base.lproj/Main.storyboard; sourceTree = "<group>"; };
		6F45A160265FA2BB009A7C9D /* Assets.xcassets */ = {isa = PBXFileReference; lastKnownFileType = folder.assetcatalog; path = Assets.xcassets; sourceTree = "<group>"; };
		6F45A163265FA2BB009A7C9D /* Base */ = {isa = PBXFileReference; lastKnownFileType = file.storyboard; name = Base; path = Base.lproj/LaunchScreen.storyboard; sourceTree = "<group>"; };
		6F45A165265FA2BB009A7C9D /* Info.plist */ = {isa = PBXFileReference; lastKnownFileType = text.plist.xml; path = Info.plist; sourceTree = "<group>"; };
		6F45A16B265FA2C9009A7C9D /* Builder.swift */ = {isa = PBXFileReference; fileEncoding = 4; lastKnownFileType = sourcecode.swift; path = Builder.swift; sourceTree = "<group>"; };
		6F45A16C265FA2C9009A7C9D /* Factory.swift */ = {isa = PBXFileReference; fileEncoding = 4; lastKnownFileType = sourcecode.swift; path = Factory.swift; sourceTree = "<group>"; };
		6F45A16D265FA2C9009A7C9D /* Singleton.swift */ = {isa = PBXFileReference; fileEncoding = 4; lastKnownFileType = sourcecode.swift; path = Singleton.swift; sourceTree = "<group>"; };
		6F45A171265FB8EE009A7C9D /* Adapter.swift */ = {isa = PBXFileReference; lastKnownFileType = sourcecode.swift; path = Adapter.swift; sourceTree = "<group>"; };
		6F45A173265FC173009A7C9D /* Composite.swift */ = {isa = PBXFileReference; lastKnownFileType = sourcecode.swift; path = Composite.swift; sourceTree = "<group>"; };
		6F45A175265FD7B2009A7C9D /* Facade.swift */ = {isa = PBXFileReference; lastKnownFileType = sourcecode.swift; path = Facade.swift; sourceTree = "<group>"; };
		6F45A177265FE21B009A7C9D /* RickAndMortyEncoder.swift */ = {isa = PBXFileReference; lastKnownFileType = sourcecode.swift; path = RickAndMortyEncoder.swift; sourceTree = "<group>"; };
		6F45A179265FEB0B009A7C9D /* Command.swift */ = {isa = PBXFileReference; lastKnownFileType = sourcecode.swift; path = Command.swift; sourceTree = "<group>"; };
		6F45A17B2660D0F1009A7C9D /* Memento.swift */ = {isa = PBXFileReference; lastKnownFileType = sourcecode.swift; path = Memento.swift; sourceTree = "<group>"; };
		6F45A17D2660D677009A7C9D /* Strategy.swift */ = {isa = PBXFileReference; lastKnownFileType = sourcecode.swift; path = Strategy.swift; sourceTree = "<group>"; };
		6F45A17F2660E5FA009A7C9D /* Proxy.swift */ = {isa = PBXFileReference; lastKnownFileType = sourcecode.swift; path = Proxy.swift; sourceTree = "<group>"; };
		6F45A1812660E977009A7C9D /* Visitor.swift */ = {isa = PBXFileReference; lastKnownFileType = sourcecode.swift; path = Visitor.swift; sourceTree = "<group>"; };
/* End PBXFileReference section */

/* Begin PBXFrameworksBuildPhase section */
		6F45A151265FA2B8009A7C9D /* Frameworks */ = {
			isa = PBXFrameworksBuildPhase;
			buildActionMask = 2147483647;
			files = (
			);
			runOnlyForDeploymentPostprocessing = 0;
		};
/* End PBXFrameworksBuildPhase section */

/* Begin PBXGroup section */
		6F45A14B265FA2B8009A7C9D = {
			isa = PBXGroup;
			children = (
				6F45A156265FA2B8009A7C9D /* Homework_17_Patterns */,
				6F45A155265FA2B8009A7C9D /* Products */,
			);
			sourceTree = "<group>";
		};
		6F45A155265FA2B8009A7C9D /* Products */ = {
			isa = PBXGroup;
			children = (
				6F45A154265FA2B8009A7C9D /* Homework_17_Patterns.app */,
			);
			name = Products;
			sourceTree = "<group>";
		};
		6F45A156265FA2B8009A7C9D /* Homework_17_Patterns */ = {
			isa = PBXGroup;
			children = (
				6F45A157265FA2B8009A7C9D /* AppDelegate.swift */,
				6F45A159265FA2B8009A7C9D /* SceneDelegate.swift */,
				6F45A15B265FA2B8009A7C9D /* ViewController.swift */,
				6F45A177265FE21B009A7C9D /* RickAndMortyEncoder.swift */,
				6F45A15D265FA2B8009A7C9D /* Main.storyboard */,
				6F45A160265FA2BB009A7C9D /* Assets.xcassets */,
				6F45A162265FA2BB009A7C9D /* LaunchScreen.storyboard */,
				6F45A165265FA2BB009A7C9D /* Info.plist */,
				6F45A16B265FA2C9009A7C9D /* Builder.swift */,
				6F45A16C265FA2C9009A7C9D /* Factory.swift */,
				6F45A16D265FA2C9009A7C9D /* Singleton.swift */,
				6F45A171265FB8EE009A7C9D /* Adapter.swift */,
				6F45A173265FC173009A7C9D /* Composite.swift */,
				6F45A1812660E977009A7C9D /* Visitor.swift */,
				6F45A175265FD7B2009A7C9D /* Facade.swift */,
				6F45A179265FEB0B009A7C9D /* Command.swift */,
				6F45A17B2660D0F1009A7C9D /* Memento.swift */,
				6F45A17D2660D677009A7C9D /* Strategy.swift */,
				6F45A17F2660E5FA009A7C9D /* Proxy.swift */,
			);
			path = Homework_17_Patterns;
			sourceTree = "<group>";
		};
/* End PBXGroup section */

/* Begin PBXNativeTarget section */
		6F45A153265FA2B8009A7C9D /* Homework_17_Patterns */ = {
			isa = PBXNativeTarget;
			buildConfigurationList = 6F45A168265FA2BB009A7C9D /* Build configuration list for PBXNativeTarget "Homework_17_Patterns" */;
			buildPhases = (
				6F45A150265FA2B8009A7C9D /* Sources */,
				6F45A151265FA2B8009A7C9D /* Frameworks */,
				6F45A152265FA2B8009A7C9D /* Resources */,
			);
			buildRules = (
			);
			dependencies = (
			);
			name = Homework_17_Patterns;
			productName = Homework_17_Patterns;
			productReference = 6F45A154265FA2B8009A7C9D /* Homework_17_Patterns.app */;
			productType = "com.apple.product-type.application";
		};
/* End PBXNativeTarget section */

/* Begin PBXProject section */
		6F45A14C265FA2B8009A7C9D /* Project object */ = {
			isa = PBXProject;
			attributes = {
				LastSwiftUpdateCheck = 1250;
				LastUpgradeCheck = 1250;
				TargetAttributes = {
					6F45A153265FA2B8009A7C9D = {
						CreatedOnToolsVersion = 12.5;
					};
				};
			};
			buildConfigurationList = 6F45A14F265FA2B8009A7C9D /* Build configuration list for PBXProject "Homework_17_Patterns" */;
			compatibilityVersion = "Xcode 9.3";
			developmentRegion = en;
			hasScannedForEncodings = 0;
			knownRegions = (
				en,
				Base,
			);
			mainGroup = 6F45A14B265FA2B8009A7C9D;
			productRefGroup = 6F45A155265FA2B8009A7C9D /* Products */;
			projectDirPath = "";
			projectRoot = "";
			targets = (
				6F45A153265FA2B8009A7C9D /* Homework_17_Patterns */,
			);
		};
/* End PBXProject section */

/* Begin PBXResourcesBuildPhase section */
		6F45A152265FA2B8009A7C9D /* Resources */ = {
			isa = PBXResourcesBuildPhase;
			buildActionMask = 2147483647;
			files = (
				6F45A164265FA2BB009A7C9D /* LaunchScreen.storyboard in Resources */,
				6F45A161265FA2BB009A7C9D /* Assets.xcassets in Resources */,
				6F45A15F265FA2B8009A7C9D /* Main.storyboard in Resources */,
			);
			runOnlyForDeploymentPostprocessing = 0;
		};
/* End PBXResourcesBuildPhase section */

/* Begin PBXSourcesBuildPhase section */
		6F45A150265FA2B8009A7C9D /* Sources */ = {
			isa = PBXSourcesBuildPhase;
			buildActionMask = 2147483647;
			files = (
				6F45A176265FD7B7009A7C9D /* Facade.swift in Sources */,
				6F45A15C265FA2B8009A7C9D /* ViewController.swift in Sources */,
				6F45A178265FE21B009A7C9D /* RickAndMortyEncoder.swift in Sources */,
				6F45A170265FA2C9009A7C9D /* Singleton.swift in Sources */,
				6F45A158265FA2B8009A7C9D /* AppDelegate.swift in Sources */,
				6F45A17E2660D677009A7C9D /* Strategy.swift in Sources */,
				6F45A15A265FA2B8009A7C9D /* SceneDelegate.swift in Sources */,
				6F45A16E265FA2C9009A7C9D /* Builder.swift in Sources */,
				6F45A174265FC173009A7C9D /* Composite.swift in Sources */,
				6F45A16F265FA2C9009A7C9D /* Factory.swift in Sources */,
				6F45A1802660E5FA009A7C9D /* Proxy.swift in Sources */,
				6F45A17C2660D0F1009A7C9D /* Memento.swift in Sources */,
				6F45A17A265FEB0B009A7C9D /* Command.swift in Sources */,
				6F45A1822660E977009A7C9D /* Visitor.swift in Sources */,
				6F45A172265FB8EE009A7C9D /* Adapter.swift in Sources */,
			);
			runOnlyForDeploymentPostprocessing = 0;
		};
/* End PBXSourcesBuildPhase section */

/* Begin PBXVariantGroup section */
		6F45A15D265FA2B8009A7C9D /* Main.storyboard */ = {
			isa = PBXVariantGroup;
			children = (
				6F45A15E265FA2B8009A7C9D /* Base */,
			);
			name = Main.storyboard;
			sourceTree = "<group>";
		};
		6F45A162265FA2BB009A7C9D /* LaunchScreen.storyboard */ = {
			isa = PBXVariantGroup;
			children = (
				6F45A163265FA2BB009A7C9D /* Base */,
			);
			name = LaunchScreen.storyboard;
			sourceTree = "<group>";
		};
/* End PBXVariantGroup section */

/* Begin XCBuildConfiguration section */
		6F45A166265FA2BB009A7C9D /* Debug */ = {
			isa = XCBuildConfiguration;
			buildSettings = {
				ALWAYS_SEARCH_USER_PATHS = NO;
				CLANG_ANALYZER_NONNULL = YES;
				CLANG_ANALYZER_NUMBER_OBJECT_CONVERSION = YES_AGGRESSIVE;
				CLANG_CXX_LANGUAGE_STANDARD = "gnu++14";
				CLANG_CXX_LIBRARY = "libc++";
				CLANG_ENABLE_MODULES = YES;
				CLANG_ENABLE_OBJC_ARC = YES;
				CLANG_ENABLE_OBJC_WEAK = YES;
				CLANG_WARN_BLOCK_CAPTURE_AUTORELEASING = YES;
				CLANG_WARN_BOOL_CONVERSION = YES;
				CLANG_WARN_COMMA = YES;
				CLANG_WARN_CONSTANT_CONVERSION = YES;
				CLANG_WARN_DEPRECATED_OBJC_IMPLEMENTATIONS = YES;
				CLANG_WARN_DIRECT_OBJC_ISA_USAGE = YES_ERROR;
				CLANG_WARN_DOCUMENTATION_COMMENTS = YES;
				CLANG_WARN_EMPTY_BODY = YES;
				CLANG_WARN_ENUM_CONVERSION = YES;
				CLANG_WARN_INFINITE_RECURSION = YES;
				CLANG_WARN_INT_CONVERSION = YES;
				CLANG_WARN_NON_LITERAL_NULL_CONVERSION = YES;
				CLANG_WARN_OBJC_IMPLICIT_RETAIN_SELF = YES;
				CLANG_WARN_OBJC_LITERAL_CONVERSION = YES;
				CLANG_WARN_OBJC_ROOT_CLASS = YES_ERROR;
				CLANG_WARN_QUOTED_INCLUDE_IN_FRAMEWORK_HEADER = YES;
				CLANG_WARN_RANGE_LOOP_ANALYSIS = YES;
				CLANG_WARN_STRICT_PROTOTYPES = YES;
				CLANG_WARN_SUSPICIOUS_MOVE = YES;
				CLANG_WARN_UNGUARDED_AVAILABILITY = YES_AGGRESSIVE;
				CLANG_WARN_UNREACHABLE_CODE = YES;
				CLANG_WARN__DUPLICATE_METHOD_MATCH = YES;
				COPY_PHASE_STRIP = NO;
				DEBUG_INFORMATION_FORMAT = dwarf;
				ENABLE_STRICT_OBJC_MSGSEND = YES;
				ENABLE_TESTABILITY = YES;
				GCC_C_LANGUAGE_STANDARD = gnu11;
				GCC_DYNAMIC_NO_PIC = NO;
				GCC_NO_COMMON_BLOCKS = YES;
				GCC_OPTIMIZATION_LEVEL = 0;
				GCC_PREPROCESSOR_DEFINITIONS = (
					"DEBUG=1",
					"$(inherited)",
				);
				GCC_WARN_64_TO_32_BIT_CONVERSION = YES;
				GCC_WARN_ABOUT_RETURN_TYPE = YES_ERROR;
				GCC_WARN_UNDECLARED_SELECTOR = YES;
				GCC_WARN_UNINITIALIZED_AUTOS = YES_AGGRESSIVE;
				GCC_WARN_UNUSED_FUNCTION = YES;
				GCC_WARN_UNUSED_VARIABLE = YES;
				IPHONEOS_DEPLOYMENT_TARGET = 14.5;
				MTL_ENABLE_DEBUG_INFO = INCLUDE_SOURCE;
				MTL_FAST_MATH = YES;
				ONLY_ACTIVE_ARCH = YES;
				SDKROOT = iphoneos;
				SWIFT_ACTIVE_COMPILATION_CONDITIONS = DEBUG;
				SWIFT_OPTIMIZATION_LEVEL = "-Onone";
			};
			name = Debug;
		};
		6F45A167265FA2BB009A7C9D /* Release */ = {
			isa = XCBuildConfiguration;
			buildSettings = {
				ALWAYS_SEARCH_USER_PATHS = NO;
				CLANG_ANALYZER_NONNULL = YES;
				CLANG_ANALYZER_NUMBER_OBJECT_CONVERSION = YES_AGGRESSIVE;
				CLANG_CXX_LANGUAGE_STANDARD = "gnu++14";
				CLANG_CXX_LIBRARY = "libc++";
				CLANG_ENABLE_MODULES = YES;
				CLANG_ENABLE_OBJC_ARC = YES;
				CLANG_ENABLE_OBJC_WEAK = YES;
				CLANG_WARN_BLOCK_CAPTURE_AUTORELEASING = YES;
				CLANG_WARN_BOOL_CONVERSION = YES;
				CLANG_WARN_COMMA = YES;
				CLANG_WARN_CONSTANT_CONVERSION = YES;
				CLANG_WARN_DEPRECATED_OBJC_IMPLEMENTATIONS = YES;
				CLANG_WARN_DIRECT_OBJC_ISA_USAGE = YES_ERROR;
				CLANG_WARN_DOCUMENTATION_COMMENTS = YES;
				CLANG_WARN_EMPTY_BODY = YES;
				CLANG_WARN_ENUM_CONVERSION = YES;
				CLANG_WARN_INFINITE_RECURSION = YES;
				CLANG_WARN_INT_CONVERSION = YES;
				CLANG_WARN_NON_LITERAL_NULL_CONVERSION = YES;
				CLANG_WARN_OBJC_IMPLICIT_RETAIN_SELF = YES;
				CLANG_WARN_OBJC_LITERAL_CONVERSION = YES;
				CLANG_WARN_OBJC_ROOT_CLASS = YES_ERROR;
				CLANG_WARN_QUOTED_INCLUDE_IN_FRAMEWORK_HEADER = YES;
				CLANG_WARN_RANGE_LOOP_ANALYSIS = YES;
				CLANG_WARN_STRICT_PROTOTYPES = YES;
				CLANG_WARN_SUSPICIOUS_MOVE = YES;
				CLANG_WARN_UNGUARDED_AVAILABILITY = YES_AGGRESSIVE;
				CLANG_WARN_UNREACHABLE_CODE = YES;
				CLANG_WARN__DUPLICATE_METHOD_MATCH = YES;
				COPY_PHASE_STRIP = NO;
				DEBUG_INFORMATION_FORMAT = "dwarf-with-dsym";
				ENABLE_NS_ASSERTIONS = NO;
				ENABLE_STRICT_OBJC_MSGSEND = YES;
				GCC_C_LANGUAGE_STANDARD = gnu11;
				GCC_NO_COMMON_BLOCKS = YES;
				GCC_WARN_64_TO_32_BIT_CONVERSION = YES;
				GCC_WARN_ABOUT_RETURN_TYPE = YES_ERROR;
				GCC_WARN_UNDECLARED_SELECTOR = YES;
				GCC_WARN_UNINITIALIZED_AUTOS = YES_AGGRESSIVE;
				GCC_WARN_UNUSED_FUNCTION = YES;
				GCC_WARN_UNUSED_VARIABLE = YES;
				IPHONEOS_DEPLOYMENT_TARGET = 14.5;
				MTL_ENABLE_DEBUG_INFO = NO;
				MTL_FAST_MATH = YES;
				SDKROOT = iphoneos;
				SWIFT_COMPILATION_MODE = wholemodule;
				SWIFT_OPTIMIZATION_LEVEL = "-O";
				VALIDATE_PRODUCT = YES;
			};
			name = Release;
		};
		6F45A169265FA2BB009A7C9D /* Debug */ = {
			isa = XCBuildConfiguration;
			buildSettings = {
				ASSETCATALOG_COMPILER_APPICON_NAME = AppIcon;
				ASSETCATALOG_COMPILER_GLOBAL_ACCENT_COLOR_NAME = AccentColor;
				CODE_SIGN_STYLE = Automatic;
				DEVELOPMENT_TEAM = Y3J9DR9455;
				INFOPLIST_FILE = Homework_17_Patterns/Info.plist;
				LD_RUNPATH_SEARCH_PATHS = (
					"$(inherited)",
					"@executable_path/Frameworks",
				);
				PRODUCT_BUNDLE_IDENTIFIER = "Skillbox.Homework-17-Patterns";
				PRODUCT_NAME = "$(TARGET_NAME)";
				SWIFT_VERSION = 5.0;
				TARGETED_DEVICE_FAMILY = "1,2";
			};
			name = Debug;
		};
		6F45A16A265FA2BB009A7C9D /* Release */ = {
			isa = XCBuildConfiguration;
			buildSettings = {
				ASSETCATALOG_COMPILER_APPICON_NAME = AppIcon;
				ASSETCATALOG_COMPILER_GLOBAL_ACCENT_COLOR_NAME = AccentColor;
				CODE_SIGN_STYLE = Automatic;
				DEVELOPMENT_TEAM = Y3J9DR9455;
				INFOPLIST_FILE = Homework_17_Patterns/Info.plist;
				LD_RUNPATH_SEARCH_PATHS = (
					"$(inherited)",
					"@executable_path/Frameworks",
				);
				PRODUCT_BUNDLE_IDENTIFIER = "Skillbox.Homework-17-Patterns";
				PRODUCT_NAME = "$(TARGET_NAME)";
				SWIFT_VERSION = 5.0;
				TARGETED_DEVICE_FAMILY = "1,2";
			};
			name = Release;
		};
/* End XCBuildConfiguration section */

/* Begin XCConfigurationList section */
		6F45A14F265FA2B8009A7C9D /* Build configuration list for PBXProject "Homework_17_Patterns" */ = {
			isa = XCConfigurationList;
			buildConfigurations = (
				6F45A166265FA2BB009A7C9D /* Debug */,
				6F45A167265FA2BB009A7C9D /* Release */,
			);
			defaultConfigurationIsVisible = 0;
			defaultConfigurationName = Release;
		};
		6F45A168265FA2BB009A7C9D /* Build configuration list for PBXNativeTarget "Homework_17_Patterns" */ = {
			isa = XCConfigurationList;
			buildConfigurations = (
				6F45A169265FA2BB009A7C9D /* Debug */,
				6F45A16A265FA2BB009A7C9D /* Release */,
			);
			defaultConfigurationIsVisible = 0;
			defaultConfigurationName = Release;
		};
/* End XCConfigurationList section */
	};
	rootObject = 6F45A14C265FA2B8009A7C9D /* Project object */;
}
